
Microsoft Visual Studio Solution File, Format Version 12.00
# Visual Studio Version 16
VisualStudioVersion = 16.0.30804.86
MinimumVisualStudioVersion = 10.0.40219.1
Project("{FAE04EC0-301F-11D3-BF4B-00C04F79EFBC}") = "QuizManager.Web", "QuizManager.Web\QuizManager.Web.csproj", "{B0966E36-13CD-4472-88C5-4A8E4A4A93BD}"
EndProject
Project("{FAE04EC0-301F-11D3-BF4B-00C04F79EFBC}") = "QuizManager.DataAccess", "QuizManager.DataAccess\QuizManager.DataAccess.csproj", "{1FE030DD-7870-48C6-A495-BA278F02B199}"
EndProject
Global
	GlobalSection(SolutionConfigurationPlatforms) = preSolution
		Debug|Any CPU = Debug|Any CPU
		Release|Any CPU = Release|Any CPU
	EndGlobalSection
	GlobalSection(ProjectConfigurationPlatforms) = postSolution
		{B0966E36-13CD-4472-88C5-4A8E4A4A93BD}.Debug|Any CPU.ActiveCfg = Debug|Any CPU
		{B0966E36-13CD-4472-88C5-4A8E4A4A93BD}.Debug|Any CPU.Build.0 = Debug|Any CPU
		{B0966E36-13CD-4472-88C5-4A8E4A4A93BD}.Release|Any CPU.ActiveCfg = Release|Any CPU
		{B0966E36-13CD-4472-88C5-4A8E4A4A93BD}.Release|Any CPU.Build.0 = Release|Any CPU
		{1FE030DD-7870-48C6-A495-BA278F02B199}.Debug|Any CPU.ActiveCfg = Debug|Any CPU
		{1FE030DD-7870-48C6-A495-BA278F02B199}.Debug|Any CPU.Build.0 = Debug|Any CPU
		{1FE030DD-7870-48C6-A495-BA278F02B199}.Release|Any CPU.ActiveCfg = Release|Any CPU
		{1FE030DD-7870-48C6-A495-BA278F02B199}.Release|Any CPU.Build.0 = Release|Any CPU
	EndGlobalSection
	GlobalSection(SolutionProperties) = preSolution
		HideSolutionNode = FALSE
	EndGlobalSection
	GlobalSection(ExtensibilityGlobals) = postSolution
		SolutionGuid = {4E0F1255-2249-49E3-B831-87B3DA1D8E5D}
	EndGlobalSection
EndGlobal
